
Microsoft Visual Studio Solution File, Format Version 12.00
# Visual Studio 15
VisualStudioVersion = 15.0.28307.572
MinimumVisualStudioVersion = 10.0.40219.1
Project("{9A19103F-16F7-4668-BE54-9A1E7A4F7556}") = "TokenDemo", "TokenDemo\TokenDemo.csproj", "{A9EF4A23-57CD-4790-9F93-1EB3B3EEF049}"
EndProject
Project("{FAE04EC0-301F-11D3-BF4B-00C04F79EFBC}") = "Repository", "Repository\Repository.csproj", "{8377F8C8-D4EF-4AFF-885F-C0185478F22A}"
EndProject
Project("{FAE04EC0-301F-11D3-BF4B-00C04F79EFBC}") = "DataContext", "DataContext\DataContext.csproj", "{45AF8DBB-91CD-44C8-B4BA-1D9455F4AEDD}"
EndProject
Global
	GlobalSection(SolutionConfigurationPlatforms) = preSolution
		Debug|Any CPU = Debug|Any CPU
		Release|Any CPU = Release|Any CPU
	EndGlobalSection
	GlobalSection(ProjectConfigurationPlatforms) = postSolution
		{A9EF4A23-57CD-4790-9F93-1EB3B3EEF049}.Debug|Any CPU.ActiveCfg = Debug|Any CPU
		{A9EF4A23-57CD-4790-9F93-1EB3B3EEF049}.Debug|Any CPU.Build.0 = Debug|Any CPU
		{A9EF4A23-57CD-4790-9F93-1EB3B3EEF049}.Release|Any CPU.ActiveCfg = Release|Any CPU
		{A9EF4A23-57CD-4790-9F93-1EB3B3EEF049}.Release|Any CPU.Build.0 = Release|Any CPU
		{8377F8C8-D4EF-4AFF-885F-C0185478F22A}.Debug|Any CPU.ActiveCfg = Debug|Any CPU
		{8377F8C8-D4EF-4AFF-885F-C0185478F22A}.Debug|Any CPU.Build.0 = Debug|Any CPU
		{8377F8C8-D4EF-4AFF-885F-C0185478F22A}.Release|Any CPU.ActiveCfg = Release|Any CPU
		{8377F8C8-D4EF-4AFF-885F-C0185478F22A}.Release|Any CPU.Build.0 = Release|Any CPU
		{45AF8DBB-91CD-44C8-B4BA-1D9455F4AEDD}.Debug|Any CPU.ActiveCfg = Debug|Any CPU
		{45AF8DBB-91CD-44C8-B4BA-1D9455F4AEDD}.Debug|Any CPU.Build.0 = Debug|Any CPU
		{45AF8DBB-91CD-44C8-B4BA-1D9455F4AEDD}.Release|Any CPU.ActiveCfg = Release|Any CPU
		{45AF8DBB-91CD-44C8-B4BA-1D9455F4AEDD}.Release|Any CPU.Build.0 = Release|Any CPU
	EndGlobalSection
	GlobalSection(SolutionProperties) = preSolution
		HideSolutionNode = FALSE
	EndGlobalSection
	GlobalSection(ExtensibilityGlobals) = postSolution
		SolutionGuid = {AD1D27EC-E6BB-4EA9-B6D9-AE12D0121456}
	EndGlobalSection
EndGlobal
